
Microsoft Visual Studio Solution File, Format Version 12.00
# Visual Studio Version 16
VisualStudioVersion = 16.0.29209.62
MinimumVisualStudioVersion = 10.0.40219.1
Project("{FAE04EC0-301F-11D3-BF4B-00C04F79EFBC}") = "BierPongTurnier", "BierPongTurnier.csproj", "{467D17A7-76D2-45E6-99DA-ED09F6DF7336}"
EndProject
Global
	GlobalSection(SolutionConfigurationPlatforms) = preSolution
		Debug|Any CPU = Debug|Any CPU
		Debug|x64 = Debug|x64
		Release|Any CPU = Release|Any CPU
		Release|x64 = Release|x64
	EndGlobalSection
	GlobalSection(ProjectConfigurationPlatforms) = postSolution
		{467D17A7-76D2-45E6-99DA-ED09F6DF7336}.Debug|Any CPU.ActiveCfg = Debug|x64
		{467D17A7-76D2-45E6-99DA-ED09F6DF7336}.Debug|Any CPU.Build.0 = Debug|x64
		{467D17A7-76D2-45E6-99DA-ED09F6DF7336}.Debug|x64.ActiveCfg = Debug|x64
		{467D17A7-76D2-45E6-99DA-ED09F6DF7336}.Debug|x64.Build.0 = Debug|x64
		{467D17A7-76D2-45E6-99DA-ED09F6DF7336}.Release|Any CPU.ActiveCfg = Release|Any CPU
		{467D17A7-76D2-45E6-99DA-ED09F6DF7336}.Release|Any CPU.Build.0 = Release|Any CPU
		{467D17A7-76D2-45E6-99DA-ED09F6DF7336}.Release|x64.ActiveCfg = Release|x64
		{467D17A7-76D2-45E6-99DA-ED09F6DF7336}.Release|x64.Build.0 = Release|x64
	EndGlobalSection
	GlobalSection(SolutionProperties) = preSolution
		HideSolutionNode = FALSE
	EndGlobalSection
	GlobalSection(ExtensibilityGlobals) = postSolution
		SolutionGuid = {4F1F9952-E1D6-4CB7-B5E8-B610CF583C13}
	EndGlobalSection
EndGlobal
